
Microsoft Visual Studio Solution File, Format Version 12.00
# Visual Studio Version 17
VisualStudioVersion = 17.8.34511.84
MinimumVisualStudioVersion = 10.0.40219.1
Project("{9A19103F-16F7-4668-BE54-9A1E7A4F7556}") = "MireaScheduleUpdates", "MireaScheduleUpdates.csproj", "{0D6EEBC4-CFDB-4150-9E9B-06A224DAEA2D}"
EndProject
Project("{2150E333-8FDC-42A3-9474-1A3956D46DE8}") = "Solution Items", "Solution Items", "{F525F0DE-8864-41D8-BC99-94AADACEE435}"
	ProjectSection(SolutionItems) = preProject
		..\.gitignore = ..\.gitignore
		..\listeners.json = ..\listeners.json
		README.md = README.md
		..\.github\workflows\send_schedule_updates.yml = ..\.github\workflows\send_schedule_updates.yml
	EndProjectSection
EndProject
Global
	GlobalSection(SolutionConfigurationPlatforms) = preSolution
		Debug|Any CPU = Debug|Any CPU
		Release|Any CPU = Release|Any CPU
	EndGlobalSection
	GlobalSection(ProjectConfigurationPlatforms) = postSolution
		{0D6EEBC4-CFDB-4150-9E9B-06A224DAEA2D}.Debug|Any CPU.ActiveCfg = Debug|Any CPU
		{0D6EEBC4-CFDB-4150-9E9B-06A224DAEA2D}.Debug|Any CPU.Build.0 = Debug|Any CPU
		{0D6EEBC4-CFDB-4150-9E9B-06A224DAEA2D}.Release|Any CPU.ActiveCfg = Release|Any CPU
		{0D6EEBC4-CFDB-4150-9E9B-06A224DAEA2D}.Release|Any CPU.Build.0 = Release|Any CPU
	EndGlobalSection
	GlobalSection(SolutionProperties) = preSolution
		HideSolutionNode = FALSE
	EndGlobalSection
	GlobalSection(ExtensibilityGlobals) = postSolution
		SolutionGuid = {78E64DEA-B9CC-4B9E-9637-05C102F26FCD}
	EndGlobalSection
EndGlobal
